// !$*UTF8*$!
{
	archiveVersion = 1;
	classes = {
	};
	objectVersion = 46;
	objects = {

/* Begin PBXBuildFile section */
		073283BF1ADD7B3000EE8AEF /* main.m in Sources */ = {isa = PBXBuildFile; fileRef = 073283BE1ADD7B3000EE8AEF /* main.m */; };
		073283C21ADD7B3000EE8AEF /* NBAppDelegate.m in Sources */ = {isa = PBXBuildFile; fileRef = 073283C11ADD7B3000EE8AEF /* NBAppDelegate.m */; };
		073283C51ADD7B3000EE8AEF /* NBViewController.m in Sources */ = {isa = PBXBuildFile; fileRef = 073283C41ADD7B3000EE8AEF /* NBViewController.m */; };
		073283C81ADD7B3000EE8AEF /* Main.storyboard in Resources */ = {isa = PBXBuildFile; fileRef = 073283C61ADD7B3000EE8AEF /* Main.storyboard */; };
		073283CA1ADD7B3000EE8AEF /* Images.xcassets in Resources */ = {isa = PBXBuildFile; fileRef = 073283C91ADD7B3000EE8AEF /* Images.xcassets */; };
		073283CD1ADD7B3000EE8AEF /* LaunchScreen.xib in Resources */ = {isa = PBXBuildFile; fileRef = 073283CB1ADD7B3000EE8AEF /* LaunchScreen.xib */; };
		073283D91ADD7B3100EE8AEF /* WWDC2015Tests.m in Sources */ = {isa = PBXBuildFile; fileRef = 073283D81ADD7B3100EE8AEF /* WWDC2015Tests.m */; };
		073283E41ADD7C0000EE8AEF /* NBBallView.m in Sources */ = {isa = PBXBuildFile; fileRef = 073283E31ADD7C0000EE8AEF /* NBBallView.m */; };
/* End PBXBuildFile section */

/* Begin PBXContainerItemProxy section */
		073283D31ADD7B3100EE8AEF /* PBXContainerItemProxy */ = {
			isa = PBXContainerItemProxy;
			containerPortal = 073283B11ADD7B3000EE8AEF /* Project object */;
			proxyType = 1;
			remoteGlobalIDString = 073283B81ADD7B3000EE8AEF;
			remoteInfo = WWDC2015;
		};
/* End PBXContainerItemProxy section */

/* Begin PBXFileReference section */
		073283B91ADD7B3000EE8AEF /* WWDC2015.app */ = {isa = PBXFileReference; explicitFileType = wrapper.application; includeInIndex = 0; path = WWDC2015.app; sourceTree = BUILT_PRODUCTS_DIR; };
		073283BD1ADD7B3000EE8AEF /* Info.plist */ = {isa = PBXFileReference; lastKnownFileType = text.plist.xml; path = Info.plist; sourceTree = "<group>"; };
		073283BE1ADD7B3000EE8AEF /* main.m */ = {isa = PBXFileReference; lastKnownFileType = sourcecode.c.objc; path = main.m; sourceTree = "<group>"; };
		073283C01ADD7B3000EE8AEF /* NBAppDelegate.h */ = {isa = PBXFileReference; lastKnownFileType = sourcecode.c.h; path = NBAppDelegate.h; sourceTree = "<group>"; };
		073283C11ADD7B3000EE8AEF /* NBAppDelegate.m */ = {isa = PBXFileReference; lastKnownFileType = sourcecode.c.objc; path = NBAppDelegate.m; sourceTree = "<group>"; };
		073283C31ADD7B3000EE8AEF /* NBViewController.h */ = {isa = PBXFileReference; lastKnownFileType = sourcecode.c.h; path = NBViewController.h; sourceTree = "<group>"; };
		073283C41ADD7B3000EE8AEF /* NBViewController.m */ = {isa = PBXFileReference; lastKnownFileType = sourcecode.c.objc; path = NBViewController.m; sourceTree = "<group>"; };
		073283C71ADD7B3000EE8AEF /* Base */ = {isa = PBXFileReference; lastKnownFileType = file.storyboard; name = Base; path = Base.lproj/Main.storyboard; sourceTree = "<group>"; };
		073283C91ADD7B3000EE8AEF /* Images.xcassets */ = {isa = PBXFileReference; lastKnownFileType = folder.assetcatalog; path = Images.xcassets; sourceTree = "<group>"; };
		073283CC1ADD7B3000EE8AEF /* Base */ = {isa = PBXFileReference; lastKnownFileType = file.xib; name = Base; path = Base.lproj/LaunchScreen.xib; sourceTree = "<group>"; };
		073283D21ADD7B3100EE8AEF /* WWDC2015Tests.xctest */ = {isa = PBXFileReference; explicitFileType = wrapper.cfbundle; includeInIndex = 0; path = WWDC2015Tests.xctest; sourceTree = BUILT_PRODUCTS_DIR; };
		073283D71ADD7B3100EE8AEF /* Info.plist */ = {isa = PBXFileReference; lastKnownFileType = text.plist.xml; path = Info.plist; sourceTree = "<group>"; };
		073283D81ADD7B3100EE8AEF /* WWDC2015Tests.m */ = {isa = PBXFileReference; lastKnownFileType = sourcecode.c.objc; path = WWDC2015Tests.m; sourceTree = "<group>"; };
		073283E21ADD7C0000EE8AEF /* NBBallView.h */ = {isa = PBXFileReference; fileEncoding = 4; lastKnownFileType = sourcecode.c.h; path = NBBallView.h; sourceTree = "<group>"; };
		073283E31ADD7C0000EE8AEF /* NBBallView.m */ = {isa = PBXFileReference; fileEncoding = 4; lastKnownFileType = sourcecode.c.objc; path = NBBallView.m; sourceTree = "<group>"; };
/* End PBXFileReference section */

/* Begin PBXFrameworksBuildPhase section */
		073283B61ADD7B3000EE8AEF /* Frameworks */ = {
			isa = PBXFrameworksBuildPhase;
			buildActionMask = 2147483647;
			files = (
			);
			runOnlyForDeploymentPostprocessing = 0;
		};
		073283CF1ADD7B3100EE8AEF /* Frameworks */ = {
			isa = PBXFrameworksBuildPhase;
			buildActionMask = 2147483647;
			files = (
			);
			runOnlyForDeploymentPostprocessing = 0;
		};
/* End PBXFrameworksBuildPhase section */

/* Begin PBXGroup section */
		073283B01ADD7B3000EE8AEF = {
			isa = PBXGroup;
			children = (
				073283BB1ADD7B3000EE8AEF /* WWDC2015 */,
				073283D51ADD7B3100EE8AEF /* WWDC2015Tests */,
				073283BA1ADD7B3000EE8AEF /* Products */,
			);
			sourceTree = "<group>";
		};
		073283BA1ADD7B3000EE8AEF /* Products */ = {
			isa = PBXGroup;
			children = (
				073283B91ADD7B3000EE8AEF /* WWDC2015.app */,
				073283D21ADD7B3100EE8AEF /* WWDC2015Tests.xctest */,
			);
			name = Products;
			sourceTree = "<group>";
		};
		073283BB1ADD7B3000EE8AEF /* WWDC2015 */ = {
			isa = PBXGroup;
			children = (
				073283C01ADD7B3000EE8AEF /* NBAppDelegate.h */,
				073283C11ADD7B3000EE8AEF /* NBAppDelegate.m */,
				073283C31ADD7B3000EE8AEF /* NBViewController.h */,
				073283C41ADD7B3000EE8AEF /* NBViewController.m */,
				073283E21ADD7C0000EE8AEF /* NBBallView.h */,
				073283E31ADD7C0000EE8AEF /* NBBallView.m */,
				073283C61ADD7B3000EE8AEF /* Main.storyboard */,
				073283C91ADD7B3000EE8AEF /* Images.xcassets */,
				073283CB1ADD7B3000EE8AEF /* LaunchScreen.xib */,
				073283BC1ADD7B3000EE8AEF /* Supporting Files */,
			);
			path = WWDC2015;
			sourceTree = "<group>";
		};
		073283BC1ADD7B3000EE8AEF /* Supporting Files */ = {
			isa = PBXGroup;
			children = (
				073283BD1ADD7B3000EE8AEF /* Info.plist */,
				073283BE1ADD7B3000EE8AEF /* main.m */,
			);
			name = "Supporting Files";
			sourceTree = "<group>";
		};
		073283D51ADD7B3100EE8AEF /* WWDC2015Tests */ = {
			isa = PBXGroup;
			children = (
				073283D81ADD7B3100EE8AEF /* WWDC2015Tests.m */,
				073283D61ADD7B3100EE8AEF /* Supporting Files */,
			);
			path = WWDC2015Tests;
			sourceTree = "<group>";
		};
		073283D61ADD7B3100EE8AEF /* Supporting Files */ = {
			isa = PBXGroup;
			children = (
				073283D71ADD7B3100EE8AEF /* Info.plist */,
			);
			name = "Supporting Files";
			sourceTree = "<group>";
		};
/* End PBXGroup section */

/* Begin PBXNativeTarget section */
		073283B81ADD7B3000EE8AEF /* WWDC2015 */ = {
			isa = PBXNativeTarget;
			buildConfigurationList = 073283DC1ADD7B3100EE8AEF /* Build configuration list for PBXNativeTarget "WWDC2015" */;
			buildPhases = (
				073283B51ADD7B3000EE8AEF /* Sources */,
				073283B61ADD7B3000EE8AEF /* Frameworks */,
				073283B71ADD7B3000EE8AEF /* Resources */,
			);
			buildRules = (
			);
			dependencies = (
			);
			name = WWDC2015;
			productName = WWDC2015;
			productReference = 073283B91ADD7B3000EE8AEF /* WWDC2015.app */;
			productType = "com.apple.product-type.application";
		};
		073283D11ADD7B3100EE8AEF /* WWDC2015Tests */ = {
			isa = PBXNativeTarget;
			buildConfigurationList = 073283DF1ADD7B3100EE8AEF /* Build configuration list for PBXNativeTarget "WWDC2015Tests" */;
			buildPhases = (
				073283CE1ADD7B3100EE8AEF /* Sources */,
				073283CF1ADD7B3100EE8AEF /* Frameworks */,
				073283D01ADD7B3100EE8AEF /* Resources */,
			);
			buildRules = (
			);
			dependencies = (
				073283D41ADD7B3100EE8AEF /* PBXTargetDependency */,
			);
			name = WWDC2015Tests;
			productName = WWDC2015Tests;
			productReference = 073283D21ADD7B3100EE8AEF /* WWDC2015Tests.xctest */;
			productType = "com.apple.product-type.bundle.unit-test";
		};
/* End PBXNativeTarget section */

/* Begin PBXProject section */
		073283B11ADD7B3000EE8AEF /* Project object */ = {
			isa = PBXProject;
			attributes = {
				LastUpgradeCheck = 0630;
				ORGANIZATIONNAME = "Neeeraj Baid";
				TargetAttributes = {
					073283B81ADD7B3000EE8AEF = {
						CreatedOnToolsVersion = 6.3;
					};
					073283D11ADD7B3100EE8AEF = {
						CreatedOnToolsVersion = 6.3;
						TestTargetID = 073283B81ADD7B3000EE8AEF;
					};
				};
			};
			buildConfigurationList = 073283B41ADD7B3000EE8AEF /* Build configuration list for PBXProject "WWDC2015" */;
			compatibilityVersion = "Xcode 3.2";
			developmentRegion = English;
			hasScannedForEncodings = 0;
			knownRegions = (
				en,
				Base,
			);
			mainGroup = 073283B01ADD7B3000EE8AEF;
			productRefGroup = 073283BA1ADD7B3000EE8AEF /* Products */;
			projectDirPath = "";
			projectRoot = "";
			targets = (
				073283B81ADD7B3000EE8AEF /* WWDC2015 */,
				073283D11ADD7B3100EE8AEF /* WWDC2015Tests */,
			);
		};
/* End PBXProject section */

/* Begin PBXResourcesBuildPhase section */
		073283B71ADD7B3000EE8AEF /* Resources */ = {
			isa = PBXResourcesBuildPhase;
			buildActionMask = 2147483647;
			files = (
				073283C81ADD7B3000EE8AEF /* Main.storyboard in Resources */,
				073283CD1ADD7B3000EE8AEF /* LaunchScreen.xib in Resources */,
				073283CA1ADD7B3000EE8AEF /* Images.xcassets in Resources */,
			);
			runOnlyForDeploymentPostprocessing = 0;
		};
		073283D01ADD7B3100EE8AEF /* Resources */ = {
			isa = PBXResourcesBuildPhase;
			buildActionMask = 2147483647;
			files = (
			);
			runOnlyForDeploymentPostprocessing = 0;
		};
/* End PBXResourcesBuildPhase section */

/* Begin PBXSourcesBuildPhase section */
		073283B51ADD7B3000EE8AEF /* Sources */ = {
			isa = PBXSourcesBuildPhase;
			buildActionMask = 2147483647;
			files = (
				073283C51ADD7B3000EE8AEF /* NBViewController.m in Sources */,
				073283E41ADD7C0000EE8AEF /* NBBallView.m in Sources */,
				073283C21ADD7B3000EE8AEF /* NBAppDelegate.m in Sources */,
				073283BF1ADD7B3000EE8AEF /* main.m in Sources */,
			);
			runOnlyForDeploymentPostprocessing = 0;
		};
		073283CE1ADD7B3100EE8AEF /* Sources */ = {
			isa = PBXSourcesBuildPhase;
			buildActionMask = 2147483647;
			files = (
				073283D91ADD7B3100EE8AEF /* WWDC2015Tests.m in Sources */,
			);
			runOnlyForDeploymentPostprocessing = 0;
		};
/* End PBXSourcesBuildPhase section */

/* Begin PBXTargetDependency section */
		073283D41ADD7B3100EE8AEF /* PBXTargetDependency */ = {
			isa = PBXTargetDependency;
			target = 073283B81ADD7B3000EE8AEF /* WWDC2015 */;
			targetProxy = 073283D31ADD7B3100EE8AEF /* PBXContainerItemProxy */;
		};
/* End PBXTargetDependency section */

/* Begin PBXVariantGroup section */
		073283C61ADD7B3000EE8AEF /* Main.storyboard */ = {
			isa = PBXVariantGroup;
			children = (
				073283C71ADD7B3000EE8AEF /* Base */,
			);
			name = Main.storyboard;
			sourceTree = "<group>";
		};
		073283CB1ADD7B3000EE8AEF /* LaunchScreen.xib */ = {
			isa = PBXVariantGroup;
			children = (
				073283CC1ADD7B3000EE8AEF /* Base */,
			);
			name = LaunchScreen.xib;
			sourceTree = "<group>";
		};
/* End PBXVariantGroup section */

/* Begin XCBuildConfiguration section */
		073283DA1ADD7B3100EE8AEF /* Debug */ = {
			isa = XCBuildConfiguration;
			buildSettings = {
				ALWAYS_SEARCH_USER_PATHS = NO;
				CLANG_CXX_LANGUAGE_STANDARD = "gnu++0x";
				CLANG_CXX_LIBRARY = "libc++";
				CLANG_ENABLE_MODULES = YES;
				CLANG_ENABLE_OBJC_ARC = YES;
				CLANG_WARN_BOOL_CONVERSION = YES;
				CLANG_WARN_CONSTANT_CONVERSION = YES;
				CLANG_WARN_DIRECT_OBJC_ISA_USAGE = YES_ERROR;
				CLANG_WARN_EMPTY_BODY = YES;
				CLANG_WARN_ENUM_CONVERSION = YES;
				CLANG_WARN_INT_CONVERSION = YES;
				CLANG_WARN_OBJC_ROOT_CLASS = YES_ERROR;
				CLANG_WARN_UNREACHABLE_CODE = YES;
				CLANG_WARN__DUPLICATE_METHOD_MATCH = YES;
				"CODE_SIGN_IDENTITY[sdk=iphoneos*]" = "iPhone Developer";
				COPY_PHASE_STRIP = NO;
				DEBUG_INFORMATION_FORMAT = "dwarf-with-dsym";
				ENABLE_STRICT_OBJC_MSGSEND = YES;
				GCC_C_LANGUAGE_STANDARD = gnu99;
				GCC_DYNAMIC_NO_PIC = NO;
				GCC_NO_COMMON_BLOCKS = YES;
				GCC_OPTIMIZATION_LEVEL = 0;
				GCC_PREPROCESSOR_DEFINITIONS = (
					"DEBUG=1",
					"$(inherited)",
				);
				GCC_SYMBOLS_PRIVATE_EXTERN = NO;
				GCC_WARN_64_TO_32_BIT_CONVERSION = YES;
				GCC_WARN_ABOUT_RETURN_TYPE = YES_ERROR;
				GCC_WARN_UNDECLARED_SELECTOR = YES;
				GCC_WARN_UNINITIALIZED_AUTOS = YES_AGGRESSIVE;
				GCC_WARN_UNUSED_FUNCTION = YES;
				GCC_WARN_UNUSED_VARIABLE = YES;
				IPHONEOS_DEPLOYMENT_TARGET = 8.3;
				MTL_ENABLE_DEBUG_INFO = YES;
				ONLY_ACTIVE_ARCH = YES;
				SDKROOT = iphoneos;
			};
			name = Debug;
		};
		073283DB1ADD7B3100EE8AEF /* Release */ = {
			isa = XCBuildConfiguration;
			buildSettings = {
				ALWAYS_SEARCH_USER_PATHS = NO;
				CLANG_CXX_LANGUAGE_STANDARD = "gnu++0x";
				CLANG_CXX_LIBRARY = "libc++";
				CLANG_ENABLE_MODULES = YES;
				CLANG_ENABLE_OBJC_ARC = YES;
				CLANG_WARN_BOOL_CONVERSION = YES;
				CLANG_WARN_CONSTANT_CONVERSION = YES;
				CLANG_WARN_DIRECT_OBJC_ISA_USAGE = YES_ERROR;
				CLANG_WARN_EMPTY_BODY = YES;
				CLANG_WARN_ENUM_CONVERSION = YES;
				CLANG_WARN_INT_CONVERSION = YES;
				CLANG_WARN_OBJC_ROOT_CLASS = YES_ERROR;
				CLANG_WARN_UNREACHABLE_CODE = YES;
				CLANG_WARN__DUPLICATE_METHOD_MATCH = YES;
				"CODE_SIGN_IDENTITY[sdk=iphoneos*]" = "iPhone Developer";
				COPY_PHASE_STRIP = NO;
				DEBUG_INFORMATION_FORMAT = "dwarf-with-dsym";
				ENABLE_NS_ASSERTIONS = NO;
				ENABLE_STRICT_OBJC_MSGSEND = YES;
				GCC_C_LANGUAGE_STANDARD = gnu99;
				GCC_NO_COMMON_BLOCKS = YES;
				GCC_WARN_64_TO_32_BIT_CONVERSION = YES;
				GCC_WARN_ABOUT_RETURN_TYPE = YES_ERROR;
				GCC_WARN_UNDECLARED_SELECTOR = YES;
				GCC_WARN_UNINITIALIZED_AUTOS = YES_AGGRESSIVE;
				GCC_WARN_UNUSED_FUNCTION = YES;
				GCC_WARN_UNUSED_VARIABLE = YES;
				IPHONEOS_DEPLOYMENT_TARGET = 8.3;
				MTL_ENABLE_DEBUG_INFO = NO;
				SDKROOT = iphoneos;
				VALIDATE_PRODUCT = YES;
			};
			name = Release;
		};
		073283DD1ADD7B3100EE8AEF /* Debug */ = {
			isa = XCBuildConfiguration;
			buildSettings = {
				ASSETCATALOG_COMPILER_APPICON_NAME = AppIcon;
				INFOPLIST_FILE = WWDC2015/Info.plist;
				LD_RUNPATH_SEARCH_PATHS = "$(inherited) @executable_path/Frameworks";
				PRODUCT_NAME = "$(TARGET_NAME)";
			};
			name = Debug;
		};
		073283DE1ADD7B3100EE8AEF /* Release */ = {
			isa = XCBuildConfiguration;
			buildSettings = {
				ASSETCATALOG_COMPILER_APPICON_NAME = AppIcon;
				INFOPLIST_FILE = WWDC2015/Info.plist;
				LD_RUNPATH_SEARCH_PATHS = "$(inherited) @executable_path/Frameworks";
				PRODUCT_NAME = "$(TARGET_NAME)";
			};
			name = Release;
		};
		073283E01ADD7B3100EE8AEF /* Debug */ = {
			isa = XCBuildConfiguration;
			buildSettings = {
				BUNDLE_LOADER = "$(TEST_HOST)";
				FRAMEWORK_SEARCH_PATHS = (
					"$(SDKROOT)/Developer/Library/Frameworks",
					"$(inherited)",
				);
				GCC_PREPROCESSOR_DEFINITIONS = (
					"DEBUG=1",
					"$(inherited)",
				);
				INFOPLIST_FILE = WWDC2015Tests/Info.plist;
				LD_RUNPATH_SEARCH_PATHS = "$(inherited) @executable_path/Frameworks @loader_path/Frameworks";
				PRODUCT_NAME = "$(TARGET_NAME)";
				TEST_HOST = "$(BUILT_PRODUCTS_DIR)/WWDC2015.app/WWDC2015";
			};
			name = Debug;
		};
		073283E11ADD7B3100EE8AEF /* Release */ = {
			isa = XCBuildConfiguration;
			buildSettings = {
				BUNDLE_LOADER = "$(TEST_HOST)";
				FRAMEWORK_SEARCH_PATHS = (
					"$(SDKROOT)/Developer/Library/Frameworks",
					"$(inherited)",
				);
				INFOPLIST_FILE = WWDC2015Tests/Info.plist;
				LD_RUNPATH_SEARCH_PATHS = "$(inherited) @executable_path/Frameworks @loader_path/Frameworks";
				PRODUCT_NAME = "$(TARGET_NAME)";
				TEST_HOST = "$(BUILT_PRODUCTS_DIR)/WWDC2015.app/WWDC2015";
			};
			name = Release;
		};
/* End XCBuildConfiguration section */

/* Begin XCConfigurationList section */
		073283B41ADD7B3000EE8AEF /* Build configuration list for PBXProject "WWDC2015" */ = {
			isa = XCConfigurationList;
			buildConfigurations = (
				073283DA1ADD7B3100EE8AEF /* Debug */,
				073283DB1ADD7B3100EE8AEF /* Release */,
			);
			defaultConfigurationIsVisible = 0;
			defaultConfigurationName = Release;
		};
		073283DC1ADD7B3100EE8AEF /* Build configuration list for PBXNativeTarget "WWDC2015" */ = {
			isa = XCConfigurationList;
			buildConfigurations = (
				073283DD1ADD7B3100EE8AEF /* Debug */,
				073283DE1ADD7B3100EE8AEF /* Release */,
			);
			defaultConfigurationIsVisible = 0;
		};
		073283DF1ADD7B3100EE8AEF /* Build configuration list for PBXNativeTarget "WWDC2015Tests" */ = {
			isa = XCConfigurationList;
			buildConfigurations = (
				073283E01ADD7B3100EE8AEF /* Debug */,
				073283E11ADD7B3100EE8AEF /* Release */,
			);
			defaultConfigurationIsVisible = 0;
		};
/* End XCConfigurationList section */
	};
	rootObject = 073283B11ADD7B3000EE8AEF /* Project object */;
}
